hash: 1c6e872a53b60467dc0c28d3aa22b25014e6c298ac264d78b8343860e7c2bb0b
updated: 2018-06-27T20:20:38.854342+05:30
imports:
- name: github.com/appleboy/gin-jwt
  version: f7347d7c16fc8297bf5b7215b9e4847a5ca05d90
- name: github.com/cockroachdb/cockroach-go
  version: 59c0560478b705bf9bd12f9252224a0fad7c87df
  subpackages:
  - crdb
- name: github.com/fatih/color
  version: 2d684516a8861da43017284349b7e303e809ac21
- name: github.com/gin-contrib/sse
  version: 22d885f9ecc78bf4ee5d72b937e4bbcdc58e8cae
- name: github.com/gin-gonic/gin
  version: d459835d2b077e44f7c9b453505ee29881d5d12d
  subpackages:
  - binding
  - render
- name: github.com/go-sql-driver/mysql
  version: 749ddf1598b47e3cd909414bda735fe790ef3d30
- name: github.com/gobuffalo/envy
  version: 2d0f467653f3d961ce9ada4d32a230bdcb3bfe11
- name: github.com/gobuffalo/makr
  version: f3678c71b97a0e678186ab846ebd27fc7a902280
- name: github.com/gobuffalo/packr
  version: ee34b116572778801ca4a9f6355eda4577cabce8
- name: github.com/gobuffalo/pop
  version: fb309e29896c205465f53af10679c52f9ce7c858
  subpackages:
  - associations
  - columns
  - fizz
  - fizz/translators
  - nulls
- name: github.com/gobuffalo/uuid
  version: 3a9fb6c5c481d4886f1e9323c61ad743fb955860
- name: github.com/gobuffalo/validate
  version: 42d8db6e06e617cdedcc7a849d6690a2cb5a8d28
  subpackages:
  - validators
- name: github.com/golang/protobuf
  version: 9eb2c01ac278a5d89ce4b2be68fe4500955d8179
  subpackages:
  - proto
- name: github.com/jmoiron/sqlx
  version: 0dae4fefe7c0e190f7b5a78dac28a1c82cc8d849
  subpackages:
  - reflectx
- name: github.com/joho/godotenv
  version: 1709ab122c988931ad53508747b3c061400c2984
- name: github.com/lib/pq
  version: 90697d60dd844d5ef6ff15135d0203f65d2f53b8
  subpackages:
  - oid
- name: github.com/markbates/going
  version: 0576708c56cea02331f864fe6e157ac7841923e4
  subpackages:
  - defaults
  - randx
  - wait
- name: github.com/markbates/inflect
  version: 84854b5b4c0dbb0c107480d480a71f7db1fc7dae
- name: github.com/mattn/anko
  version: e82392c5c0b3e0a8120f4e8ad4186ecf66f76873
  subpackages:
  - ast
  - core
  - internal/corelib
  - parser
  - vm
- name: github.com/mattn/go-colorable
  version: efa589957cd060542a26d2dd7832fd6a6c6c3ade
- name: github.com/mattn/go-isatty
  version: 6ca4dbf54d38eea1a992b3c722a76a5d1c4cb25c
- name: github.com/mattn/go-sqlite3
  version: 25ecb14adfc7543176f7d85291ec7dba82c6f7e4
- name: github.com/pkg/errors
  version: 816c9085562cd7ee03e7f8188a1cfd942858cded
- name: github.com/serenize/snaker
  version: a683aaf2d516deecd70cad0c72e3ca773ecfcef0
- name: github.com/ugorji/go
  version: edc8f1f6bad21cca2dcbc2f4d4ced265111ccea6
  subpackages:
  - codec
- name: golang.org/x/crypto
  version: a49355c7e3f8fe157a85be2f77e6e269a0f89602
  subpackages:
  - bcrypt
  - blowfish
- name: golang.org/x/net
  version: afe8f62b1d6bbd81f31868121a50b06d8188e1f9
  subpackages:
  - context
- name: golang.org/x/sync
  version: 1d60e4601c6fd243af51cc01ddf169918a5407ca
  subpackages:
  - errgroup
- name: golang.org/x/sys
  version: c4afb3effaa53fd9a06ca61262dc7ce8df4c081b
  subpackages:
  - unix
- name: google.golang.org/appengine
  version: b1f26356af11148e710935ed1ac8a7f5702c7612
  subpackages:
  - cloudsql
  - internal
  - internal/app_identity
  - internal/base
  - internal/datastore
  - internal/log
  - internal/modules
  - internal/remote_api
- name: gopkg.in/appleboy/gin-jwt.v2
  version: f7347d7c16fc8297bf5b7215b9e4847a5ca05d90
- name: gopkg.in/dgrijalva/jwt-go.v3
  version: 06ea1031745cb8b3dab3f6a236daf2b0aa468b7e
- name: gopkg.in/go-playground/validator.v8
  version: 5f1438d3fca68893a817e4a66806cea46a9e4ebf
- name: gopkg.in/yaml.v2
  version: 5420a8b6744d3b0345ab293f6fcba19c978f1183
testImports: []
